
Microsoft Visual Studio Solution File, Format Version 12.00
# Visual Studio Version 17
VisualStudioVersion = 17.8.34330.188
MinimumVisualStudioVersion = 10.0.40219.1
Project("{9A19103F-16F7-4668-BE54-9A1E7A4F7556}") = "CariTakip", "CariTakip\CariTakip.csproj", "{F79B2F29-6F88-4422-B253-44AECA6FF0FA}"
EndProject
Project("{FAE04EC0-301F-11D3-BF4B-00C04F79EFBC}") = "Business", "Business\Business.csproj", "{7B45D780-A6E2-42CD-9DE9-C72B3B134FCA}"
EndProject
Project("{FAE04EC0-301F-11D3-BF4B-00C04F79EFBC}") = "Data", "Data\Data.csproj", "{5C6D322A-8FF2-4E3D-AB93-2B187F4CBDD3}"
EndProject
Project("{FAE04EC0-301F-11D3-BF4B-00C04F79EFBC}") = "Entities", "Entities\Entities.csproj", "{551A57BF-529F-4883-89E5-67E697D809FD}"
EndProject
Global
	GlobalSection(SolutionConfigurationPlatforms) = preSolution
		Debug|Any CPU = Debug|Any CPU
		Release|Any CPU = Release|Any CPU
	EndGlobalSection
	GlobalSection(ProjectConfigurationPlatforms) = postSolution
		{F79B2F29-6F88-4422-B253-44AECA6FF0FA}.Debug|Any CPU.ActiveCfg = Debug|Any CPU
		{F79B2F29-6F88-4422-B253-44AECA6FF0FA}.Debug|Any CPU.Build.0 = Debug|Any CPU
		{F79B2F29-6F88-4422-B253-44AECA6FF0FA}.Release|Any CPU.ActiveCfg = Release|Any CPU
		{F79B2F29-6F88-4422-B253-44AECA6FF0FA}.Release|Any CPU.Build.0 = Release|Any CPU
		{7B45D780-A6E2-42CD-9DE9-C72B3B134FCA}.Debug|Any CPU.ActiveCfg = Debug|Any CPU
		{7B45D780-A6E2-42CD-9DE9-C72B3B134FCA}.Debug|Any CPU.Build.0 = Debug|Any CPU
		{7B45D780-A6E2-42CD-9DE9-C72B3B134FCA}.Release|Any CPU.ActiveCfg = Release|Any CPU
		{7B45D780-A6E2-42CD-9DE9-C72B3B134FCA}.Release|Any CPU.Build.0 = Release|Any CPU
		{5C6D322A-8FF2-4E3D-AB93-2B187F4CBDD3}.Debug|Any CPU.ActiveCfg = Debug|Any CPU
		{5C6D322A-8FF2-4E3D-AB93-2B187F4CBDD3}.Debug|Any CPU.Build.0 = Debug|Any CPU
		{5C6D322A-8FF2-4E3D-AB93-2B187F4CBDD3}.Release|Any CPU.ActiveCfg = Release|Any CPU
		{5C6D322A-8FF2-4E3D-AB93-2B187F4CBDD3}.Release|Any CPU.Build.0 = Release|Any CPU
		{551A57BF-529F-4883-89E5-67E697D809FD}.Debug|Any CPU.ActiveCfg = Debug|Any CPU
		{551A57BF-529F-4883-89E5-67E697D809FD}.Debug|Any CPU.Build.0 = Debug|Any CPU
		{551A57BF-529F-4883-89E5-67E697D809FD}.Release|Any CPU.ActiveCfg = Release|Any CPU
		{551A57BF-529F-4883-89E5-67E697D809FD}.Release|Any CPU.Build.0 = Release|Any CPU
	EndGlobalSection
	GlobalSection(SolutionProperties) = preSolution
		HideSolutionNode = FALSE
	EndGlobalSection
	GlobalSection(ExtensibilityGlobals) = postSolution
		SolutionGuid = {2897462E-1989-4E8F-B702-01466B155ACE}
	EndGlobalSection
EndGlobal
